# -------------------------------------------------------------------------- #
#
# Copyright (C) 2024  Intel Corporation. All rights reserved.
# Your use of Intel Corporation's design tools, logic functions 
# and other software and tools, and any partner logic 
# functions, and any output files from any of the foregoing 
# (including device programming or simulation files), and any 
# associated documentation or information are expressly subject 
# to the terms and conditions of the Intel Program License 
# Subscription Agreement, the Intel Quartus Prime License Agreement,
# the Intel FPGA IP License Agreement, or other applicable license
# agreement, including, without limitation, that your use is for
# the sole purpose of programming logic devices manufactured by
# Intel and sold by Intel or its authorized distributors.  Please
# refer to the applicable agreement for further details, at
# https://fpgasoftware.intel.com/eula.
#
# -------------------------------------------------------------------------- #
#
# Quartus Prime
# Version 23.1std.1 Build 993 05/14/2024 SC Lite Edition
# Date created = 14:18:11  October 03, 2026
#
# -------------------------------------------------------------------------- #
#
# Notes:
#
# 1) The default values for assignments are stored in the file:
#		zeroize_assignment_defaults.qdf
#    If this file doesn't exist, see file:
#		assignment_defaults.qdf
#
# 2) Intel recommends that you do not modify this file. This
#    file is updated automatically by the Quartus Prime software
#    and any changes you make may be lost or overwritten.
#
# -------------------------------------------------------------------------- #


set_global_assignment -name FAMILY "Cyclone V"
set_global_assignment -name DEVICE 5CSEBA6U23I7
set_global_assignment -name TOP_LEVEL_ENTITY jati_top
set_global_assignment -name ORIGINAL_QUARTUS_VERSION 23.1STD.1
set_global_assignment -name PROJECT_CREATION_TIME_DATE "14:18:11  OCTOBER 03, 2026"
set_global_assignment -name LAST_QUARTUS_VERSION "23.1std.1 Lite Edition"
set_global_assignment -name PROJECT_OUTPUT_DIRECTORY output_files
set_global_assignment -name MIN_CORE_JUNCTION_TEMP "-40"
set_global_assignment -name MAX_CORE_JUNCTION_TEMP 100
set_global_assignment -name ERROR_CHECK_FREQUENCY_DIVISOR 256
set_global_assignment -name EDA_SIMULATION_TOOL "Questa Intel FPGA (Verilog)"
set_global_assignment -name EDA_TIME_SCALE "1 ps" -section_id eda_simulation
set_global_assignment -name EDA_OUTPUT_DATA_FORMAT "VERILOG HDL" -section_id eda_simulation
set_global_assignment -name EDA_GENERATE_FUNCTIONAL_NETLIST OFF -section_id eda_board_design_timing
set_global_assignment -name EDA_GENERATE_FUNCTIONAL_NETLIST OFF -section_id eda_board_design_symbol
set_global_assignment -name EDA_GENERATE_FUNCTIONAL_NETLIST OFF -section_id eda_board_design_signal_integrity
set_global_assignment -name EDA_GENERATE_FUNCTIONAL_NETLIST OFF -section_id eda_board_design_boundary_scan
set_global_assignment -name POWER_PRESET_COOLING_SOLUTION "23 MM HEAT SINK WITH 200 LFPM AIRFLOW"
set_global_assignment -name POWER_BOARD_THERMAL_MODEL "NONE (CONSERVATIVE)"
set_global_assignment -name PARTITION_NETLIST_TYPE SOURCE -section_id Top
set_global_assignment -name PARTITION_FITTER_PRESERVATION_LEVEL PLACEMENT_AND_ROUTING -section_id Top
set_global_assignment -name PARTITION_COLOR 16764057 -section_id Top
set_location_assignment PIN_V11 -to clk_50
set_location_assignment PIN_AH17 -to rst_n
set_location_assignment PIN_Y24 -to glitch_test_en
set_location_assignment PIN_W15 -to led_status[0]
set_location_assignment PIN_AA24 -to led_status[1]
set_location_assignment PIN_V16 -to led_status[2]
set_location_assignment PIN_V15 -to led_status[3]
set_location_assignment PIN_AF26 -to pll_locked
set_location_assignment PIN_V12 -to uart_rx
set_location_assignment PIN_E8 -to uart_tx
set_instance_assignment -name IO_STANDARD "3.3-V LVTTL" -to clk_50
set_instance_assignment -name IO_STANDARD "3.3-V LVTTL" -to rst_n
set_instance_assignment -name IO_STANDARD "3.3-V LVTTL" -to glitch_test_en
set_instance_assignment -name IO_STANDARD "3.3-V LVTTL" -to uart_rx
set_instance_assignment -name IO_STANDARD "3.3-V LVTTL" -to uart_tx
set_instance_assignment -name IO_STANDARD "3.3-V LVTTL" -to pll_locked
set_instance_assignment -name IO_STANDARD "3.3-V LVTTL" -to led_status[0]
set_instance_assignment -name IO_STANDARD "3.3-V LVTTL" -to led_status[1]
set_instance_assignment -name IO_STANDARD "3.3-V LVTTL" -to led_status[2]
set_instance_assignment -name IO_STANDARD "3.3-V LVTTL" -to led_status[3]
set_global_assignment -name RESERVE_ALL_UNUSED_PINS_WEAK_PULLUP "AS INPUT TRI-STATED"
set_global_assignment -name SDC_FILE ../jati.sdc
set_global_assignment -name VERILOG_FILE ../RTL/wd_ro.v
set_global_assignment -name VERILOG_FILE ../RTL/clk_watchdog.v
set_global_assignment -name QIP_FILE ../IP/pll_sys.qip
set_global_assignment -name VERILOG_FILE ../RTL/zeroize.v
set_global_assignment -name VERILOG_FILE ../RTL/uart.v
set_global_assignment -name VERILOG_FILE ../RTL/trng_ro.v
set_global_assignment -name VERILOG_FILE ../RTL/trng.v
set_global_assignment -name VERILOG_FILE ../RTL/tamper_sensor.v
set_global_assignment -name VERILOG_FILE ../RTL/sha256_core.v
set_global_assignment -name VERILOG_FILE ../RTL/ro_puf_array.v
set_global_assignment -name VERILOG_FILE ../RTL/ro_puf.v
set_global_assignment -name VERILOG_FILE ../RTL/lifecycle.v
set_global_assignment -name VERILOG_FILE ../RTL/key_manager.v
set_global_assignment -name VERILOG_FILE ../RTL/jati_top.v
set_global_assignment -name VERILOG_FILE ../RTL/hmac_kdf.v
set_global_assignment -name VERILOG_FILE ../RTL/glitch_inj.v
set_global_assignment -name VERILOG_FILE ../RTL/fuzzy_ext.v
set_global_assignment -name VERILOG_FILE ../RTL/dg_memory.v
set_global_assignment -name VERILOG_FILE ../RTL/ctrl_fsm.v
set_global_assignment -name VERILOG_FILE ../RTL/clk_rst.v
set_global_assignment -name VERILOG_FILE ../RTL/bus_mux.v
set_global_assignment -name VERILOG_FILE ../RTL/apdu_parser.v
set_global_assignment -name VERILOG_FILE ../RTL/aes128_sm.v
set_global_assignment -name TCL_SCRIPT_FILE ../../../../../Downloads/jati_pins.tcl
set_instance_assignment -name PARTITION_HIERARCHY root_partition -to | -section_id Top